
Microsoft Visual Studio Solution File, Format Version 12.00
# Visual Studio 2015
Project("{FAE04EC0-301F-11D3-BF4B-00C04F79EFBC}") = "Dengue.CSharp", "Dengue.CSharp.csproj", "{EAE945CD-1F35-72E6-A6E8-4DC802518F50}"
EndProject
Global
	GlobalSection(SolutionConfigurationPlatforms) = preSolution
		Debug|Any CPU = Debug|Any CPU
		Release|Any CPU = Release|Any CPU
	EndGlobalSection
	GlobalSection(ProjectConfigurationPlatforms) = postSolution
		{EAE945CD-1F35-72E6-A6E8-4DC802518F50}.Debug|Any CPU.ActiveCfg = Debug|Any CPU
		{EAE945CD-1F35-72E6-A6E8-4DC802518F50}.Debug|Any CPU.Build.0 = Debug|Any CPU
		{EAE945CD-1F35-72E6-A6E8-4DC802518F50}.Release|Any CPU.ActiveCfg = Release|Any CPU
		{EAE945CD-1F35-72E6-A6E8-4DC802518F50}.Release|Any CPU.Build.0 = Release|Any CPU
	EndGlobalSection
	GlobalSection(SolutionProperties) = preSolution
		HideSolutionNode = FALSE
	EndGlobalSection
EndGlobal
